
Microsoft Visual Studio Solution File, Format Version 12.00
# Visual Studio Version 17
VisualStudioVersion = 17.10.35004.147
MinimumVisualStudioVersion = 10.0.40219.1
Project("{FAE04EC0-301F-11D3-BF4B-00C04F79EFBC}") = "MicroServices", "MicroServices\MicroServices.csproj", "{E8166398-C90C-44E5-BB03-E69CEFA2A91E}"
EndProject
Global
	GlobalSection(SolutionConfigurationPlatforms) = preSolution
		Debug|Any CPU = Debug|Any CPU
		Release|Any CPU = Release|Any CPU
	EndGlobalSection
	GlobalSection(ProjectConfigurationPlatforms) = postSolution
		{E8166398-C90C-44E5-BB03-E69CEFA2A91E}.Debug|Any CPU.ActiveCfg = Debug|Any CPU
		{E8166398-C90C-44E5-BB03-E69CEFA2A91E}.Debug|Any CPU.Build.0 = Debug|Any CPU
		{E8166398-C90C-44E5-BB03-E69CEFA2A91E}.Release|Any CPU.ActiveCfg = Release|Any CPU
		{E8166398-C90C-44E5-BB03-E69CEFA2A91E}.Release|Any CPU.Build.0 = Release|Any CPU
	EndGlobalSection
	GlobalSection(SolutionProperties) = preSolution
		HideSolutionNode = FALSE
	EndGlobalSection
	GlobalSection(ExtensibilityGlobals) = postSolution
		SolutionGuid = {BFF7B1A9-1CA3-4D0A-890C-F73A442AE05D}
	EndGlobalSection
EndGlobal
