
Microsoft Visual Studio Solution File, Format Version 12.00
# Visual Studio Version 17
VisualStudioVersion = 17.10.35004.147
MinimumVisualStudioVersion = 10.0.40219.1
Project("{2150E333-8FDC-42A3-9474-1A3956D46DE8}") = "SRC", "SRC", "{F90823E6-998D-452A-80C1-B90C44E84E21}"
EndProject
Project("{2150E333-8FDC-42A3-9474-1A3956D46DE8}") = "Core", "Core", "{08E01155-9CA5-4B7E-9DA1-B030963BCF4D}"
EndProject
Project("{2150E333-8FDC-42A3-9474-1A3956D46DE8}") = "Infrastructure", "Infrastructure", "{6D4B2848-9056-4681-9880-F9653EFB7CE6}"
EndProject
Project("{2150E333-8FDC-42A3-9474-1A3956D46DE8}") = "Peresentation", "Peresentation", "{913A86BF-D5AC-49EE-98CA-5A132D670CF1}"
EndProject
Project("{FAE04EC0-301F-11D3-BF4B-00C04F79EFBC}") = "Application", "Application\Application.csproj", "{C861044C-0632-43D2-AF7A-265A85072687}"
EndProject
Project("{FAE04EC0-301F-11D3-BF4B-00C04F79EFBC}") = "Domain", "Domain\Domain.csproj", "{18743B15-E9FB-4D00-800C-3EA2D02F4333}"
EndProject
Project("{FAE04EC0-301F-11D3-BF4B-00C04F79EFBC}") = "Persistance", "Persistance\Persistance.csproj", "{8B4C38BF-9733-4AE5-A072-4F5E1E737697}"
EndProject
Project("{FAE04EC0-301F-11D3-BF4B-00C04F79EFBC}") = "Payment.EndPoint", "Payment.EndPoint\Payment.EndPoint.csproj", "{79DCDAE7-3135-4E3B-BE1E-F875B86D2388}"
EndProject
Project("{FAE04EC0-301F-11D3-BF4B-00C04F79EFBC}") = "Infrastructure", "Infrastructure\Infrastructure.csproj", "{62C3941A-E8F4-469E-A06D-EA9D8CE5EA05}"
EndProject
Global
	GlobalSection(SolutionConfigurationPlatforms) = preSolution
		Debug|Any CPU = Debug|Any CPU
		Release|Any CPU = Release|Any CPU
	EndGlobalSection
	GlobalSection(ProjectConfigurationPlatforms) = postSolution
		{C861044C-0632-43D2-AF7A-265A85072687}.Debug|Any CPU.ActiveCfg = Debug|Any CPU
		{C861044C-0632-43D2-AF7A-265A85072687}.Debug|Any CPU.Build.0 = Debug|Any CPU
		{C861044C-0632-43D2-AF7A-265A85072687}.Release|Any CPU.ActiveCfg = Release|Any CPU
		{C861044C-0632-43D2-AF7A-265A85072687}.Release|Any CPU.Build.0 = Release|Any CPU
		{18743B15-E9FB-4D00-800C-3EA2D02F4333}.Debug|Any CPU.ActiveCfg = Debug|Any CPU
		{18743B15-E9FB-4D00-800C-3EA2D02F4333}.Debug|Any CPU.Build.0 = Debug|Any CPU
		{18743B15-E9FB-4D00-800C-3EA2D02F4333}.Release|Any CPU.ActiveCfg = Release|Any CPU
		{18743B15-E9FB-4D00-800C-3EA2D02F4333}.Release|Any CPU.Build.0 = Release|Any CPU
		{8B4C38BF-9733-4AE5-A072-4F5E1E737697}.Debug|Any CPU.ActiveCfg = Debug|Any CPU
		{8B4C38BF-9733-4AE5-A072-4F5E1E737697}.Debug|Any CPU.Build.0 = Debug|Any CPU
		{8B4C38BF-9733-4AE5-A072-4F5E1E737697}.Release|Any CPU.ActiveCfg = Release|Any CPU
		{8B4C38BF-9733-4AE5-A072-4F5E1E737697}.Release|Any CPU.Build.0 = Release|Any CPU
		{79DCDAE7-3135-4E3B-BE1E-F875B86D2388}.Debug|Any CPU.ActiveCfg = Debug|Any CPU
		{79DCDAE7-3135-4E3B-BE1E-F875B86D2388}.Debug|Any CPU.Build.0 = Debug|Any CPU
		{79DCDAE7-3135-4E3B-BE1E-F875B86D2388}.Release|Any CPU.ActiveCfg = Release|Any CPU
		{79DCDAE7-3135-4E3B-BE1E-F875B86D2388}.Release|Any CPU.Build.0 = Release|Any CPU
		{62C3941A-E8F4-469E-A06D-EA9D8CE5EA05}.Debug|Any CPU.ActiveCfg = Debug|Any CPU
		{62C3941A-E8F4-469E-A06D-EA9D8CE5EA05}.Debug|Any CPU.Build.0 = Debug|Any CPU
		{62C3941A-E8F4-469E-A06D-EA9D8CE5EA05}.Release|Any CPU.ActiveCfg = Release|Any CPU
		{62C3941A-E8F4-469E-A06D-EA9D8CE5EA05}.Release|Any CPU.Build.0 = Release|Any CPU
	EndGlobalSection
	GlobalSection(SolutionProperties) = preSolution
		HideSolutionNode = FALSE
	EndGlobalSection
	GlobalSection(NestedProjects) = preSolution
		{08E01155-9CA5-4B7E-9DA1-B030963BCF4D} = {F90823E6-998D-452A-80C1-B90C44E84E21}
		{6D4B2848-9056-4681-9880-F9653EFB7CE6} = {F90823E6-998D-452A-80C1-B90C44E84E21}
		{913A86BF-D5AC-49EE-98CA-5A132D670CF1} = {F90823E6-998D-452A-80C1-B90C44E84E21}
		{C861044C-0632-43D2-AF7A-265A85072687} = {08E01155-9CA5-4B7E-9DA1-B030963BCF4D}
		{18743B15-E9FB-4D00-800C-3EA2D02F4333} = {08E01155-9CA5-4B7E-9DA1-B030963BCF4D}
		{8B4C38BF-9733-4AE5-A072-4F5E1E737697} = {6D4B2848-9056-4681-9880-F9653EFB7CE6}
		{79DCDAE7-3135-4E3B-BE1E-F875B86D2388} = {913A86BF-D5AC-49EE-98CA-5A132D670CF1}
		{62C3941A-E8F4-469E-A06D-EA9D8CE5EA05} = {6D4B2848-9056-4681-9880-F9653EFB7CE6}
	EndGlobalSection
	GlobalSection(ExtensibilityGlobals) = postSolution
		SolutionGuid = {CC2B2893-36EA-4249-82E0-DAF0ACB4C41D}
	EndGlobalSection
EndGlobal
