
Microsoft Visual Studio Solution File, Format Version 12.00
# Visual Studio Version 17
VisualStudioVersion = 17.10.35004.147
MinimumVisualStudioVersion = 10.0.40219.1
Project("{9A19103F-16F7-4668-BE54-9A1E7A4F7556}") = "Microservice.Web.FronEnd", "Microservice.Web.FronEnd.csproj", "{8A33BD6A-A3F8-4B4C-A2A8-B0E933FF6C40}"
EndProject
Global
	GlobalSection(SolutionConfigurationPlatforms) = preSolution
		Debug|Any CPU = Debug|Any CPU
		Release|Any CPU = Release|Any CPU
	EndGlobalSection
	GlobalSection(ProjectConfigurationPlatforms) = postSolution
		{8A33BD6A-A3F8-4B4C-A2A8-B0E933FF6C40}.Debug|Any CPU.ActiveCfg = Debug|Any CPU
		{8A33BD6A-A3F8-4B4C-A2A8-B0E933FF6C40}.Debug|Any CPU.Build.0 = Debug|Any CPU
		{8A33BD6A-A3F8-4B4C-A2A8-B0E933FF6C40}.Release|Any CPU.ActiveCfg = Release|Any CPU
		{8A33BD6A-A3F8-4B4C-A2A8-B0E933FF6C40}.Release|Any CPU.Build.0 = Release|Any CPU
	EndGlobalSection
	GlobalSection(SolutionProperties) = preSolution
		HideSolutionNode = FALSE
	EndGlobalSection
	GlobalSection(ExtensibilityGlobals) = postSolution
		SolutionGuid = {085062F2-2E72-4925-A169-485AD3163701}
	EndGlobalSection
EndGlobal
